
Microsoft Visual Studio Solution File, Format Version 12.00
# Visual Studio 15
VisualStudioVersion = 15.0.28307.1684
MinimumVisualStudioVersion = 10.0.40219.1
Project("{FAE04EC0-301F-11D3-BF4B-00C04F79EFBC}") = "ZS_Bot", "ZS_Bot.csproj", "{5838071D-E3D1-49EA-829F-71C8D42429F0}"
EndProject
Global
	GlobalSection(SolutionConfigurationPlatforms) = preSolution
		Debug|Any CPU = Debug|Any CPU
		Release|Any CPU = Release|Any CPU
	EndGlobalSection
	GlobalSection(ProjectConfigurationPlatforms) = postSolution
		{5838071D-E3D1-49EA-829F-71C8D42429F0}.Debug|Any CPU.ActiveCfg = Debug|Any CPU
		{5838071D-E3D1-49EA-829F-71C8D42429F0}.Debug|Any CPU.Build.0 = Debug|Any CPU
		{5838071D-E3D1-49EA-829F-71C8D42429F0}.Release|Any CPU.ActiveCfg = Release|Any CPU
		{5838071D-E3D1-49EA-829F-71C8D42429F0}.Release|Any CPU.Build.0 = Release|Any CPU
	EndGlobalSection
	GlobalSection(SolutionProperties) = preSolution
		HideSolutionNode = FALSE
	EndGlobalSection
	GlobalSection(ExtensibilityGlobals) = postSolution
		SolutionGuid = {28CAFC2C-8C23-490E-99A7-6F0B21DCF230}
	EndGlobalSection
EndGlobal
